
Microsoft Visual Studio Solution File, Format Version 12.00
# Visual Studio Version 17
VisualStudioVersion = 17.13.35825.156 d17.13
MinimumVisualStudioVersion = 10.0.40219.1
Project("{888888A0-9F3D-457C-B088-3A5042F75D52}") = "Sõne ja järjesti funktsioonid", "Sõne ja järjesti funktsioonid\Sõne ja järjesti funktsioonid.pyproj", "{7DEC5B81-785E-47D8-B670-F7D4F6054CA7}"
EndProject
Global
	GlobalSection(SolutionConfigurationPlatforms) = preSolution
		Debug|Any CPU = Debug|Any CPU
		Release|Any CPU = Release|Any CPU
	EndGlobalSection
	GlobalSection(ProjectConfigurationPlatforms) = postSolution
		{7DEC5B81-785E-47D8-B670-F7D4F6054CA7}.Debug|Any CPU.ActiveCfg = Debug|Any CPU
		{7DEC5B81-785E-47D8-B670-F7D4F6054CA7}.Release|Any CPU.ActiveCfg = Release|Any CPU
	EndGlobalSection
	GlobalSection(SolutionProperties) = preSolution
		HideSolutionNode = FALSE
	EndGlobalSection
	GlobalSection(ExtensibilityGlobals) = postSolution
		SolutionGuid = {06B8D5E9-C362-410C-A0B6-920C629EA660}
	EndGlobalSection
EndGlobal
